PODS:
  - APDAdColonyAdapter (2.7.5.1):
    - Appodeal (= 2.7.5)
  - APDAmazonAdsAdapter (2.7.5.1):
    - Appodeal (= 2.7.5)
  - APDAppLovinAdapter (2.7.5.1):
    - Appodeal (= 2.7.5)
  - APDAppodealAdExchangeAdapter (2.7.5.1):
    - Appodeal (= 2.7.5)
  - APDFacebookAudienceAdapter (2.7.5.1):
    - Appodeal (= 2.7.5)
    - FBSDKCoreKit/Basics (>= 7.0.1)
  - APDGoogleAdMobAdapter (2.7.5.1):
    - Appodeal (= 2.7.5)
    - Google-Mobile-Ads-SDK (~> 7.66.0)
  - APDIronSourceAdapter (2.7.5.1):
    - Appodeal (= 2.7.5)
  - APDMyTargetAdapter (2.7.5.1):
    - Appodeal (= 2.7.5)
  - APDOguryAdapter (2.7.5.1):
    - Appodeal (= 2.7.5)
  - APDStartAppAdapter (2.7.5.1):
    - Appodeal (= 2.7.5)
  - APDUnityAdapter (2.7.5.1):
    - Appodeal (= 2.7.5)
  - APDVungleAdapter (2.7.5.1):
    - Appodeal (= 2.7.5)
  - APDYandexAdapter (2.7.5.1):
    - Appodeal (= 2.7.5)
    - YandexMobileMetrica (< 4.0.0, >= 3.2.0)
  - Appodeal (2.7.5)
  - appodeal_flutter (0.3.2):
    - APDAdColonyAdapter (= 2.7.5.1)
    - APDAmazonAdsAdapter (= 2.7.5.1)
    - APDAppLovinAdapter (= 2.7.5.1)
    - APDAppodealAdExchangeAdapter (= 2.7.5.1)
    - APDFacebookAudienceAdapter (= 2.7.5.1)
    - APDGoogleAdMobAdapter (= 2.7.5.1)
    - APDIronSourceAdapter (= 2.7.5.1)
    - APDMyTargetAdapter (= 2.7.5.1)
    - APDOguryAdapter (= 2.7.5.1)
    - APDStartAppAdapter (= 2.7.5.1)
    - APDUnityAdapter (= 2.7.5.1)
    - APDVungleAdapter (= 2.7.5.1)
    - APDYandexAdapter (= 2.7.5.1)
    - Flutter
    - StackConsentManager (= 1.0.1)
  - FBSDKCoreKit/Basics (8.1.0)
  - Flutter (1.0.0)
  - Google-Mobile-Ads-SDK (7.66.0):
    - GoogleAppMeasurement (~> 6.0)
    - GoogleUserMessagingPlatform (~> 1.1)
  - GoogleAppMeasurement (6.9.0):
    - GoogleUtilities/AppDelegateSwizzler (~> 6.7)
    - GoogleUtilities/MethodSwizzler (~> 6.7)
    - GoogleUtilities/Network (~> 6.7)
    - "GoogleUtilities/NSData+zlib (~> 6.7)"
    - nanopb (~> 1.30906.0)
  - GoogleUserMessagingPlatform (1.3.0)
  - GoogleUtilities/AppDelegateSwizzler (6.7.2):
    - GoogleUtilities/Environment
    - GoogleUtilities/Logger
    - GoogleUtilities/Network
  - GoogleUtilities/Environment (6.7.2):
    - PromisesObjC (~> 1.2)
  - GoogleUtilities/Logger (6.7.2):
    - GoogleUtilities/Environment
  - GoogleUtilities/MethodSwizzler (6.7.2):
    - GoogleUtilities/Logger
  - GoogleUtilities/Network (6.7.2):
    - GoogleUtilities/Logger
    - "GoogleUtilities/NSData+zlib"
    - GoogleUtilities/Reachability
  - "GoogleUtilities/NSData+zlib (6.7.2)"
  - GoogleUtilities/Reachability (6.7.2):
    - GoogleUtilities/Logger
  - nanopb (1.30906.0):
    - nanopb/decode (= 1.30906.0)
    - nanopb/encode (= 1.30906.0)
  - nanopb/decode (1.30906.0)
  - nanopb/encode (1.30906.0)
  - PromisesObjC (1.2.11)
  - StackConsentManager (1.0.1)
  - YandexMobileMetrica (3.12.0):
    - YandexMobileMetrica/Static (= 3.12.0)
  - YandexMobileMetrica/Static (3.12.0):
    - YandexMobileMetrica/Static/Core (= 3.12.0)
    - YandexMobileMetrica/Static/Crashes (= 3.12.0)
  - YandexMobileMetrica/Static/Core (3.12.0)
  - YandexMobileMetrica/Static/Crashes (3.12.0):
    - YandexMobileMetrica/Static/Core

DEPENDENCIES:
  - appodeal_flutter (from `.symlinks/plugins/appodeal_flutter/ios`)
  - Flutter (from `Flutter`)

SPEC REPOS:
  trunk:
    - APDAdColonyAdapter
    - APDAmazonAdsAdapter
    - APDAppLovinAdapter
    - APDAppodealAdExchangeAdapter
    - APDFacebookAudienceAdapter
    - APDGoogleAdMobAdapter
    - APDIronSourceAdapter
    - APDMyTargetAdapter
    - APDOguryAdapter
    - APDStartAppAdapter
    - APDUnityAdapter
    - APDVungleAdapter
    - APDYandexAdapter
    - Appodeal
    - FBSDKCoreKit
    - Google-Mobile-Ads-SDK
    - GoogleAppMeasurement
    - GoogleUserMessagingPlatform
    - GoogleUtilities
    - nanopb
    - PromisesObjC
    - StackConsentManager
    - YandexMobileMetrica

EXTERNAL SOURCES:
  appodeal_flutter:
    :path: ".symlinks/plugins/appodeal_flutter/ios"
  Flutter:
    :path: Flutter

SPEC CHECKSUMS:
  APDAdColonyAdapter: 84932603b9bc4269bbba8a00c8b06bcfd052455a
  APDAmazonAdsAdapter: c41e6244c43c948af5cf5b9914baa1b9373f681d
  APDAppLovinAdapter: 610222500011624cdd92fc27cfb6094d0df2d3d1
  APDAppodealAdExchangeAdapter: 4b92a0d77dc7d1e1c5fe448a38bf12814bf1b2a9
  APDFacebookAudienceAdapter: 9ffa78add90e255e2de531d51ed01cba9db6b0b8
  APDGoogleAdMobAdapter: cc1abe7b84e49933ab77fd30890e63c9b48db7fd
  APDIronSourceAdapter: aaf56121f738f796ba549851f85c70e87756ca97
  APDMyTargetAdapter: 1dc70ef7545ee7fdcdbb3c525b6e3417714de6a2
  APDOguryAdapter: 920629d4260059224404d8cfeb01ef4de107f99c
  APDStartAppAdapter: d5bca350cc0579916b8a93ce8953dd02835334eb
  APDUnityAdapter: e0bfe2187e0aebb8d6d67d89cdf18c5ee32add85
  APDVungleAdapter: b5e3965ff86ac2de37313740f3332eb0eb5b3a72
  APDYandexAdapter: 9231e8573696e0a943e3726d83950554a809a40b
  Appodeal: bbcfbf63be492476f235bac82af1afffdcec5684
  appodeal_flutter: 78b3e7ba72ba4eaf7b1aa128924da68f9a640cb0
  FBSDKCoreKit: b3ca27e124dae67122d3bb47c8f96800b39986a6
  Flutter: 0e3d915762c693b495b44d77113d4970485de6ec
  Google-Mobile-Ads-SDK: 7d7074359c040f5add4e0963bf860e14690060d0
  GoogleAppMeasurement: a6a3a066369828db64eda428cb2856dc1cdc7c4e
  GoogleUserMessagingPlatform: 1d4b6946710d18cec34742054092e2c2bddae61f
  GoogleUtilities: 7f2f5a07f888cdb145101d6042bc4422f57e70b3
  nanopb: 59317e09cf1f1a0af72f12af412d54edf52603fc
  PromisesObjC: 8c196f5a328c2cba3e74624585467a557dcb482f
  StackConsentManager: 2e7c7512d4c1b5dddf248e7e9f78931d8d0142e8
  YandexMobileMetrica: 7ba67267e1ef841f77d5db17a5091b8e9eba911f

PODFILE CHECKSUM: aafe91acc616949ddb318b77800a7f51bffa2a4c

COCOAPODS: 1.10.0
